// !$*UTF8*$!
{
	archiveVersion = 1;
	classes = {
	};
	objectVersion = 50;
	objects = {

/* Begin PBXBuildFile section */
		0710211E21B8D87800024293 /* RoundedButton.swift in Sources */ = {isa = PBXBuildFile; fileRef = 0710211D21B8D87800024293 /* RoundedButton.swift */; };
		0710212021B8FAB200024293 /* UserDataService.swift in Sources */ = {isa = PBXBuildFile; fileRef = 0710211F21B8FAB200024293 /* UserDataService.swift */; };
		0710212221B9068300024293 /* AvatarPickerVC.swift in Sources */ = {isa = PBXBuildFile; fileRef = 0710212121B9068300024293 /* AvatarPickerVC.swift */; };
		0710212421B90C5C00024293 /* AvatarCell.swift in Sources */ = {isa = PBXBuildFile; fileRef = 0710212321B90C5C00024293 /* AvatarCell.swift */; };
		0710212621B91ABB00024293 /* CircleImage.swift in Sources */ = {isa = PBXBuildFile; fileRef = 0710212521B91ABB00024293 /* CircleImage.swift */; };
		0710212921B932CB00024293 /* ProfileVC.swift in Sources */ = {isa = PBXBuildFile; fileRef = 0710212721B932CB00024293 /* ProfileVC.swift */; };
		0710212A21B932CB00024293 /* ProfileVC.xib in Resources */ = {isa = PBXBuildFile; fileRef = 0710212821B932CB00024293 /* ProfileVC.xib */; };
		071E8B7421B6499200A65FFD /* GradientView.swift in Sources */ = {isa = PBXBuildFile; fileRef = 071E8B7321B6499200A65FFD /* GradientView.swift */; };
		071E8B7721B6610100A65FFD /* Constants.swift in Sources */ = {isa = PBXBuildFile; fileRef = 071E8B7621B6610100A65FFD /* Constants.swift */; };
		071E8B7921B667C000A65FFD /* LoginVC.swift in Sources */ = {isa = PBXBuildFile; fileRef = 071E8B7821B667C000A65FFD /* LoginVC.swift */; };
		071E8B7B21B66ACD00A65FFD /* CreateAccountVC.swift in Sources */ = {isa = PBXBuildFile; fileRef = 071E8B7A21B66ACD00A65FFD /* CreateAccountVC.swift */; };
		075C6E0D21B61EF90036DE22 /* AppDelegate.swift in Sources */ = {isa = PBXBuildFile; fileRef = 075C6E0C21B61EF90036DE22 /* AppDelegate.swift */; };
		075C6E1221B61EF90036DE22 /* Main.storyboard in Resources */ = {isa = PBXBuildFile; fileRef = 075C6E1021B61EF90036DE22 /* Main.storyboard */; };
		075C6E1421B61EFA0036DE22 /* Assets.xcassets in Resources */ = {isa = PBXBuildFile; fileRef = 075C6E1321B61EFA0036DE22 /* Assets.xcassets */; };
		075C6E1721B61EFA0036DE22 /* LaunchScreen.storyboard in Resources */ = {isa = PBXBuildFile; fileRef = 075C6E1521B61EFA0036DE22 /* LaunchScreen.storyboard */; };
		075C6E2221B622F30036DE22 /* SWRevealViewController.m in Sources */ = {isa = PBXBuildFile; fileRef = 075C6E2021B622F30036DE22 /* SWRevealViewController.m */; };
		075C6E2721B632D60036DE22 /* ChatVC.swift in Sources */ = {isa = PBXBuildFile; fileRef = 075C6E2621B632D60036DE22 /* ChatVC.swift */; };
		075C6E2921B632EA0036DE22 /* ChannelVC.swift in Sources */ = {isa = PBXBuildFile; fileRef = 075C6E2821B632EA0036DE22 /* ChannelVC.swift */; };
		07699EB321B7D01F00D18F3A /* AuthService.swift in Sources */ = {isa = PBXBuildFile; fileRef = 07699EB221B7D01F00D18F3A /* AuthService.swift */; };
		6A51514EB0251BECF6B48853 /* Pods_LetsChat.framework in Frameworks */ = {isa = PBXBuildFile; fileRef = 7C47C27311E32A61DD8CA6C2 /* Pods_LetsChat.framework */; };
/* End PBXBuildFile section */

/* Begin PBXFileReference section */
		0710211D21B8D87800024293 /* RoundedButton.swift */ = {isa = PBXFileReference; lastKnownFileType = sourcecode.swift; path = RoundedButton.swift; sourceTree = "<group>"; };
		0710211F21B8FAB200024293 /* UserDataService.swift */ = {isa = PBXFileReference; lastKnownFileType = sourcecode.swift; path = UserDataService.swift; sourceTree = "<group>"; };
		0710212121B9068300024293 /* AvatarPickerVC.swift */ = {isa = PBXFileReference; lastKnownFileType = sourcecode.swift; path = AvatarPickerVC.swift; sourceTree = "<group>"; };
		0710212321B90C5C00024293 /* AvatarCell.swift */ = {isa = PBXFileReference; lastKnownFileType = sourcecode.swift; path = AvatarCell.swift; sourceTree = "<group>"; };
		0710212521B91ABB00024293 /* CircleImage.swift */ = {isa = PBXFileReference; lastKnownFileType = sourcecode.swift; path = CircleImage.swift; sourceTree = "<group>"; };
		0710212721B932CB00024293 /* ProfileVC.swift */ = {isa = PBXFileReference; lastKnownFileType = sourcecode.swift; path = ProfileVC.swift; sourceTree = "<group>"; };
		0710212821B932CB00024293 /* ProfileVC.xib */ = {isa = PBXFileReference; lastKnownFileType = file.xib; path = ProfileVC.xib; sourceTree = "<group>"; };
		071E8B7321B6499200A65FFD /* GradientView.swift */ = {isa = PBXFileReference; lastKnownFileType = sourcecode.swift; path = GradientView.swift; sourceTree = "<group>"; };
		071E8B7621B6610100A65FFD /* Constants.swift */ = {isa = PBXFileReference; lastKnownFileType = sourcecode.swift; path = Constants.swift; sourceTree = "<group>"; };
		071E8B7821B667C000A65FFD /* LoginVC.swift */ = {isa = PBXFileReference; lastKnownFileType = sourcecode.swift; path = LoginVC.swift; sourceTree = "<group>"; };
		071E8B7A21B66ACD00A65FFD /* CreateAccountVC.swift */ = {isa = PBXFileReference; lastKnownFileType = sourcecode.swift; path = CreateAccountVC.swift; sourceTree = "<group>"; };
		075C6E0921B61EF90036DE22 /* LetsChat.app */ = {isa = PBXFileReference; explicitFileType = wrapper.application; includeInIndex = 0; path = LetsChat.app; sourceTree = BUILT_PRODUCTS_DIR; };
		075C6E0C21B61EF90036DE22 /* AppDelegate.swift */ = {isa = PBXFileReference; lastKnownFileType = sourcecode.swift; path = AppDelegate.swift; sourceTree = "<group>"; };
		075C6E1121B61EF90036DE22 /* Base */ = {isa = PBXFileReference; lastKnownFileType = file.storyboard; name = Base; path = Base.lproj/Main.storyboard; sourceTree = "<group>"; };
		075C6E1321B61EFA0036DE22 /* Assets.xcassets */ = {isa = PBXFileReference; lastKnownFileType = folder.assetcatalog; path = Assets.xcassets; sourceTree = "<group>"; };
		075C6E1621B61EFA0036DE22 /* Base */ = {isa = PBXFileReference; lastKnownFileType = file.storyboard; name = Base; path = Base.lproj/LaunchScreen.storyboard; sourceTree = "<group>"; };
		075C6E1821B61EFA0036DE22 /* Info.plist */ = {isa = PBXFileReference; lastKnownFileType = text.plist.xml; path = Info.plist; sourceTree = "<group>"; };
		075C6E1F21B622F20036DE22 /* LetsChat-Bridging-Header.h */ = {isa = PBXFileReference; lastKnownFileType = sourcecode.c.h; path = "LetsChat-Bridging-Header.h"; sourceTree = "<group>"; };
		075C6E2021B622F30036DE22 /* SWRevealViewController.m */ = {isa = PBXFileReference; fileEncoding = 4; lastKnownFileType = sourcecode.c.objc; path = SWRevealViewController.m; sourceTree = "<group>"; };
		075C6E2121B622F30036DE22 /* SWRevealViewController.h */ = {isa = PBXFileReference; fileEncoding = 4; lastKnownFileType = sourcecode.c.h; path = SWRevealViewController.h; sourceTree = "<group>"; };
		075C6E2621B632D60036DE22 /* ChatVC.swift */ = {isa = PBXFileReference; lastKnownFileType = sourcecode.swift; path = ChatVC.swift; sourceTree = "<group>"; };
		075C6E2821B632EA0036DE22 /* ChannelVC.swift */ = {isa = PBXFileReference; lastKnownFileType = sourcecode.swift; path = ChannelVC.swift; sourceTree = "<group>"; };
		07699EB221B7D01F00D18F3A /* AuthService.swift */ = {isa = PBXFileReference; lastKnownFileType = sourcecode.swift; path = AuthService.swift; sourceTree = "<group>"; };
		2DCE4ECDC6F82DC27CB735AB /* Pods-LetsChat.release.xcconfig */ = {isa = PBXFileReference; includeInIndex = 1; lastKnownFileType = text.xcconfig; name = "Pods-LetsChat.release.xcconfig"; path = "Pods/Target Support Files/Pods-LetsChat/Pods-LetsChat.release.xcconfig"; sourceTree = "<group>"; };
		7C47C27311E32A61DD8CA6C2 /* Pods_LetsChat.framework */ = {isa = PBXFileReference; explicitFileType = wrapper.framework; includeInIndex = 0; path = Pods_LetsChat.framework; sourceTree = BUILT_PRODUCTS_DIR; };
		F9EC274B5B04C0132C97C551 /* Pods-LetsChat.debug.xcconfig */ = {isa = PBXFileReference; includeInIndex = 1; lastKnownFileType = text.xcconfig; name = "Pods-LetsChat.debug.xcconfig"; path = "Pods/Target Support Files/Pods-LetsChat/Pods-LetsChat.debug.xcconfig"; sourceTree = "<group>"; };
/* End PBXFileReference section */

/* Begin PBXFrameworksBuildPhase section */
		075C6E0621B61EF90036DE22 /* Frameworks */ = {
			isa = PBXFrameworksBuildPhase;
			buildActionMask = 2147483647;
			files = (
				6A51514EB0251BECF6B48853 /* Pods_LetsChat.framework in Frameworks */,
			);
			runOnlyForDeploymentPostprocessing = 0;
		};
/* End PBXFrameworksBuildPhase section */

/* Begin PBXGroup section */
		0710212B21B9330500024293 /* Xibs */ = {
			isa = PBXGroup;
			children = (
				0710212821B932CB00024293 /* ProfileVC.xib */,
			);
			path = Xibs;
			sourceTree = "<group>";
		};
		071E8B7521B660EE00A65FFD /* Utilities */ = {
			isa = PBXGroup;
			children = (
				071E8B7621B6610100A65FFD /* Constants.swift */,
			);
			path = Utilities;
			sourceTree = "<group>";
		};
		075C6E0021B61EF90036DE22 = {
			isa = PBXGroup;
			children = (
				075C6E0B21B61EF90036DE22 /* LetsChat */,
				075C6E0A21B61EF90036DE22 /* Products */,
				B4FC7AB0A6C524805551702D /* Pods */,
				1C48408B91C3E4FB81ED6842 /* Frameworks */,
			);
			sourceTree = "<group>";
		};
		075C6E0A21B61EF90036DE22 /* Products */ = {
			isa = PBXGroup;
			children = (
				075C6E0921B61EF90036DE22 /* LetsChat.app */,
			);
			name = Products;
			sourceTree = "<group>";
		};
		075C6E0B21B61EF90036DE22 /* LetsChat */ = {
			isa = PBXGroup;
			children = (
				0710212B21B9330500024293 /* Xibs */,
				07699EB121B7D00700D18F3A /* Services */,
				071E8B7521B660EE00A65FFD /* Utilities */,
				075C6E2421B6329F0036DE22 /* Model */,
				075C6E2521B632A40036DE22 /* Vew */,
				075C6E2321B6329A0036DE22 /* Controller */,
				075C6E1E21B6228F0036DE22 /* Supporting Files */,
				075C6E0C21B61EF90036DE22 /* AppDelegate.swift */,
				075C6E1021B61EF90036DE22 /* Main.storyboard */,
				075C6E1321B61EFA0036DE22 /* Assets.xcassets */,
				075C6E1521B61EFA0036DE22 /* LaunchScreen.storyboard */,
				075C6E1821B61EFA0036DE22 /* Info.plist */,
			);
			path = LetsChat;
			sourceTree = "<group>";
		};
		075C6E1E21B6228F0036DE22 /* Supporting Files */ = {
			isa = PBXGroup;
			children = (
				075C6E2121B622F30036DE22 /* SWRevealViewController.h */,
				075C6E2021B622F30036DE22 /* SWRevealViewController.m */,
				075C6E1F21B622F20036DE22 /* LetsChat-Bridging-Header.h */,
			);
			path = "Supporting Files";
			sourceTree = "<group>";
		};
		075C6E2321B6329A0036DE22 /* Controller */ = {
			isa = PBXGroup;
			children = (
				075C6E2621B632D60036DE22 /* ChatVC.swift */,
				075C6E2821B632EA0036DE22 /* ChannelVC.swift */,
				071E8B7821B667C000A65FFD /* LoginVC.swift */,
				071E8B7A21B66ACD00A65FFD /* CreateAccountVC.swift */,
				0710212721B932CB00024293 /* ProfileVC.swift */,
			);
			path = Controller;
			sourceTree = "<group>";
		};
		075C6E2421B6329F0036DE22 /* Model */ = {
			isa = PBXGroup;
			children = (
			);
			path = Model;
			sourceTree = "<group>";
		};
		075C6E2521B632A40036DE22 /* Vew */ = {
			isa = PBXGroup;
			children = (
				071E8B7321B6499200A65FFD /* GradientView.swift */,
				0710211D21B8D87800024293 /* RoundedButton.swift */,
				0710212121B9068300024293 /* AvatarPickerVC.swift */,
				0710212321B90C5C00024293 /* AvatarCell.swift */,
				0710212521B91ABB00024293 /* CircleImage.swift */,
			);
			path = Vew;
			sourceTree = "<group>";
		};
		07699EB121B7D00700D18F3A /* Services */ = {
			isa = PBXGroup;
			children = (
				07699EB221B7D01F00D18F3A /* AuthService.swift */,
				0710211F21B8FAB200024293 /* UserDataService.swift */,
			);
			path = Services;
			sourceTree = "<group>";
		};
		1C48408B91C3E4FB81ED6842 /* Frameworks */ = {
			isa = PBXGroup;
			children = (
				7C47C27311E32A61DD8CA6C2 /* Pods_LetsChat.framework */,
			);
			name = Frameworks;
			sourceTree = "<group>";
		};
		B4FC7AB0A6C524805551702D /* Pods */ = {
			isa = PBXGroup;
			children = (
				F9EC274B5B04C0132C97C551 /* Pods-LetsChat.debug.xcconfig */,
				2DCE4ECDC6F82DC27CB735AB /* Pods-LetsChat.release.xcconfig */,
			);
			name = Pods;
			sourceTree = "<group>";
		};
/* End PBXGroup section */

/* Begin PBXNativeTarget section */
		075C6E0821B61EF90036DE22 /* LetsChat */ = {
			isa = PBXNativeTarget;
			buildConfigurationList = 075C6E1B21B61EFA0036DE22 /* Build configuration list for PBXNativeTarget "LetsChat" */;
			buildPhases = (
				43BE6D1734D8136D1FF8B43E /* [CP] Check Pods Manifest.lock */,
				075C6E0521B61EF90036DE22 /* Sources */,
				075C6E0621B61EF90036DE22 /* Frameworks */,
				075C6E0721B61EF90036DE22 /* Resources */,
				1155AA28F0B782E807590917 /* [CP] Embed Pods Frameworks */,
			);
			buildRules = (
			);
			dependencies = (
			);
			name = LetsChat;
			productName = LetsChat;
			productReference = 075C6E0921B61EF90036DE22 /* LetsChat.app */;
			productType = "com.apple.product-type.application";
		};
/* End PBXNativeTarget section */

/* Begin PBXProject section */
		075C6E0121B61EF90036DE22 /* Project object */ = {
			isa = PBXProject;
			attributes = {
				LastSwiftUpdateCheck = 0940;
				LastUpgradeCheck = 0940;
				ORGANIZATIONNAME = "Jeffrey Umandap";
				TargetAttributes = {
					075C6E0821B61EF90036DE22 = {
						CreatedOnToolsVersion = 9.4.1;
						LastSwiftMigration = 0940;
					};
				};
			};
			buildConfigurationList = 075C6E0421B61EF90036DE22 /* Build configuration list for PBXProject "LetsChat" */;
			compatibilityVersion = "Xcode 9.3";
			developmentRegion = en;
			hasScannedForEncodings = 0;
			knownRegions = (
				en,
				Base,
			);
			mainGroup = 075C6E0021B61EF90036DE22;
			productRefGroup = 075C6E0A21B61EF90036DE22 /* Products */;
			projectDirPath = "";
			projectRoot = "";
			targets = (
				075C6E0821B61EF90036DE22 /* LetsChat */,
			);
		};
/* End PBXProject section */

/* Begin PBXResourcesBuildPhase section */
		075C6E0721B61EF90036DE22 /* Resources */ = {
			isa = PBXResourcesBuildPhase;
			buildActionMask = 2147483647;
			files = (
				0710212A21B932CB00024293 /* ProfileVC.xib in Resources */,
				075C6E1721B61EFA0036DE22 /* LaunchScreen.storyboard in Resources */,
				075C6E1421B61EFA0036DE22 /* Assets.xcassets in Resources */,
				075C6E1221B61EF90036DE22 /* Main.storyboard in Resources */,
			);
			runOnlyForDeploymentPostprocessing = 0;
		};
/* End PBXResourcesBuildPhase section */

/* Begin PBXShellScriptBuildPhase section */
		1155AA28F0B782E807590917 /* [CP] Embed Pods Frameworks */ = {
			isa = PBXShellScriptBuildPhase;
			buildActionMask = 2147483647;
			files = (
			);
			inputPaths = (
				"${SRCROOT}/Pods/Target Support Files/Pods-LetsChat/Pods-LetsChat-frameworks.sh",
				"${BUILT_PRODUCTS_DIR}/Alamofire/Alamofire.framework",
				"${BUILT_PRODUCTS_DIR}/Socket.IO-Client-Swift/SocketIO.framework",
				"${BUILT_PRODUCTS_DIR}/SwiftyJSON/SwiftyJSON.framework",
			);
			name = "[CP] Embed Pods Frameworks";
			outputPaths = (
				"${TARGET_BUILD_DIR}/${FRAMEWORKS_FOLDER_PATH}/Alamofire.framework",
				"${TARGET_BUILD_DIR}/${FRAMEWORKS_FOLDER_PATH}/SocketIO.framework",
				"${TARGET_BUILD_DIR}/${FRAMEWORKS_FOLDER_PATH}/SwiftyJSON.framework",
			);
			runOnlyForDeploymentPostprocessing = 0;
			shellPath = /bin/sh;
			shellScript = "\"${SRCROOT}/Pods/Target Support Files/Pods-LetsChat/Pods-LetsChat-frameworks.sh\"\n";
			showEnvVarsInLog = 0;
		};
		43BE6D1734D8136D1FF8B43E /* [CP] Check Pods Manifest.lock */ = {
			isa = PBXShellScriptBuildPhase;
			buildActionMask = 2147483647;
			files = (
			);
			inputPaths = (
				"${PODS_PODFILE_DIR_PATH}/Podfile.lock",
				"${PODS_ROOT}/Manifest.lock",
			);
			name = "[CP] Check Pods Manifest.lock";
			outputPaths = (
				"$(DERIVED_FILE_DIR)/Pods-LetsChat-checkManifestLockResult.txt",
			);
			runOnlyForDeploymentPostprocessing = 0;
			shellPath = /bin/sh;
			shellScript = "diff \"${PODS_PODFILE_DIR_PATH}/Podfile.lock\" \"${PODS_ROOT}/Manifest.lock\" > /dev/null\nif [ $? != 0 ] ; then\n    # print error to STDERR\n    echo \"error: The sandbox is not in sync with the Podfile.lock. Run 'pod install' or update your CocoaPods installation.\" >&2\n    exit 1\nfi\n# This output is used by Xcode 'outputs' to avoid re-running this script phase.\necho \"SUCCESS\" > \"${SCRIPT_OUTPUT_FILE_0}\"\n";
			showEnvVarsInLog = 0;
		};
/* End PBXShellScriptBuildPhase section */

/* Begin PBXSourcesBuildPhase section */
		075C6E0521B61EF90036DE22 /* Sources */ = {
			isa = PBXSourcesBuildPhase;
			buildActionMask = 2147483647;
			files = (
				0710212921B932CB00024293 /* ProfileVC.swift in Sources */,
				075C6E2921B632EA0036DE22 /* ChannelVC.swift in Sources */,
				0710212221B9068300024293 /* AvatarPickerVC.swift in Sources */,
				0710211E21B8D87800024293 /* RoundedButton.swift in Sources */,
				0710212621B91ABB00024293 /* CircleImage.swift in Sources */,
				075C6E2721B632D60036DE22 /* ChatVC.swift in Sources */,
				0710212021B8FAB200024293 /* UserDataService.swift in Sources */,
				071E8B7B21B66ACD00A65FFD /* CreateAccountVC.swift in Sources */,
				07699EB321B7D01F00D18F3A /* AuthService.swift in Sources */,
				071E8B7921B667C000A65FFD /* LoginVC.swift in Sources */,
				071E8B7421B6499200A65FFD /* GradientView.swift in Sources */,
				0710212421B90C5C00024293 /* AvatarCell.swift in Sources */,
				075C6E0D21B61EF90036DE22 /* AppDelegate.swift in Sources */,
				075C6E2221B622F30036DE22 /* SWRevealViewController.m in Sources */,
				071E8B7721B6610100A65FFD /* Constants.swift in Sources */,
			);
			runOnlyForDeploymentPostprocessing = 0;
		};
/* End PBXSourcesBuildPhase section */

/* Begin PBXVariantGroup section */
		075C6E1021B61EF90036DE22 /* Main.storyboard */ = {
			isa = PBXVariantGroup;
			children = (
				075C6E1121B61EF90036DE22 /* Base */,
			);
			name = Main.storyboard;
			sourceTree = "<group>";
		};
		075C6E1521B61EFA0036DE22 /* LaunchScreen.storyboard */ = {
			isa = PBXVariantGroup;
			children = (
				075C6E1621B61EFA0036DE22 /* Base */,
			);
			name = LaunchScreen.storyboard;
			sourceTree = "<group>";
		};
/* End PBXVariantGroup section */

/* Begin XCBuildConfiguration section */
		075C6E1921B61EFA0036DE22 /* Debug */ = {
			isa = XCBuildConfiguration;
			buildSettings = {
				ALWAYS_SEARCH_USER_PATHS = NO;
				CLANG_ANALYZER_NONNULL = YES;
				CLANG_ANALYZER_NUMBER_OBJECT_CONVERSION = YES_AGGRESSIVE;
				CLANG_CXX_LANGUAGE_STANDARD = "gnu++14";
				CLANG_CXX_LIBRARY = "libc++";
				CLANG_ENABLE_MODULES = YES;
				CLANG_ENABLE_OBJC_ARC = YES;
				CLANG_ENABLE_OBJC_WEAK = YES;
				CLANG_WARN_BLOCK_CAPTURE_AUTORELEASING = YES;
				CLANG_WARN_BOOL_CONVERSION = YES;
				CLANG_WARN_COMMA = YES;
				CLANG_WARN_CONSTANT_CONVERSION = YES;
				CLANG_WARN_DEPRECATED_OBJC_IMPLEMENTATIONS = YES;
				CLANG_WARN_DIRECT_OBJC_ISA_USAGE = YES_ERROR;
				CLANG_WARN_DOCUMENTATION_COMMENTS = YES;
				CLANG_WARN_EMPTY_BODY = YES;
				CLANG_WARN_ENUM_CONVERSION = YES;
				CLANG_WARN_INFINITE_RECURSION = YES;
				CLANG_WARN_INT_CONVERSION = YES;
				CLANG_WARN_NON_LITERAL_NULL_CONVERSION = YES;
				CLANG_WARN_OBJC_IMPLICIT_RETAIN_SELF = YES;
				CLANG_WARN_OBJC_LITERAL_CONVERSION = YES;
				CLANG_WARN_OBJC_ROOT_CLASS = YES_ERROR;
				CLANG_WARN_RANGE_LOOP_ANALYSIS = YES;
				CLANG_WARN_STRICT_PROTOTYPES = YES;
				CLANG_WARN_SUSPICIOUS_MOVE = YES;
				CLANG_WARN_UNGUARDED_AVAILABILITY = YES_AGGRESSIVE;
				CLANG_WARN_UNREACHABLE_CODE = YES;
				CLANG_WARN__DUPLICATE_METHOD_MATCH = YES;
				CODE_SIGN_IDENTITY = "iPhone Developer";
				COPY_PHASE_STRIP = NO;
				DEBUG_INFORMATION_FORMAT = dwarf;
				ENABLE_STRICT_OBJC_MSGSEND = YES;
				ENABLE_TESTABILITY = YES;
				GCC_C_LANGUAGE_STANDARD = gnu11;
				GCC_DYNAMIC_NO_PIC = NO;
				GCC_NO_COMMON_BLOCKS = YES;
				GCC_OPTIMIZATION_LEVEL = 0;
				GCC_PREPROCESSOR_DEFINITIONS = (
					"DEBUG=1",
					"$(inherited)",
				);
				GCC_WARN_64_TO_32_BIT_CONVERSION = YES;
				GCC_WARN_ABOUT_RETURN_TYPE = YES_ERROR;
				GCC_WARN_UNDECLARED_SELECTOR = YES;
				GCC_WARN_UNINITIALIZED_AUTOS = YES_AGGRESSIVE;
				GCC_WARN_UNUSED_FUNCTION = YES;
				GCC_WARN_UNUSED_VARIABLE = YES;
				IPHONEOS_DEPLOYMENT_TARGET = 11.4;
				MTL_ENABLE_DEBUG_INFO = YES;
				ONLY_ACTIVE_ARCH = YES;
				SDKROOT = iphoneos;
				SWIFT_ACTIVE_COMPILATION_CONDITIONS = DEBUG;
				SWIFT_OPTIMIZATION_LEVEL = "-Onone";
			};
			name = Debug;
		};
		075C6E1A21B61EFA0036DE22 /* Release */ = {
			isa = XCBuildConfiguration;
			buildSettings = {
				ALWAYS_SEARCH_USER_PATHS = NO;
				CLANG_ANALYZER_NONNULL = YES;
				CLANG_ANALYZER_NUMBER_OBJECT_CONVERSION = YES_AGGRESSIVE;
				CLANG_CXX_LANGUAGE_STANDARD = "gnu++14";
				CLANG_CXX_LIBRARY = "libc++";
				CLANG_ENABLE_MODULES = YES;
				CLANG_ENABLE_OBJC_ARC = YES;
				CLANG_ENABLE_OBJC_WEAK = YES;
				CLANG_WARN_BLOCK_CAPTURE_AUTORELEASING = YES;
				CLANG_WARN_BOOL_CONVERSION = YES;
				CLANG_WARN_COMMA = YES;
				CLANG_WARN_CONSTANT_CONVERSION = YES;
				CLANG_WARN_DEPRECATED_OBJC_IMPLEMENTATIONS = YES;
				CLANG_WARN_DIRECT_OBJC_ISA_USAGE = YES_ERROR;
				CLANG_WARN_DOCUMENTATION_COMMENTS = YES;
				CLANG_WARN_EMPTY_BODY = YES;
				CLANG_WARN_ENUM_CONVERSION = YES;
				CLANG_WARN_INFINITE_RECURSION = YES;
				CLANG_WARN_INT_CONVERSION = YES;
				CLANG_WARN_NON_LITERAL_NULL_CONVERSION = YES;
				CLANG_WARN_OBJC_IMPLICIT_RETAIN_SELF = YES;
				CLANG_WARN_OBJC_LITERAL_CONVERSION = YES;
				CLANG_WARN_OBJC_ROOT_CLASS = YES_ERROR;
				CLANG_WARN_RANGE_LOOP_ANALYSIS = YES;
				CLANG_WARN_STRICT_PROTOTYPES = YES;
				CLANG_WARN_SUSPICIOUS_MOVE = YES;
				CLANG_WARN_UNGUARDED_AVAILABILITY = YES_AGGRESSIVE;
				CLANG_WARN_UNREACHABLE_CODE = YES;
				CLANG_WARN__DUPLICATE_METHOD_MATCH = YES;
				CODE_SIGN_IDENTITY = "iPhone Developer";
				COPY_PHASE_STRIP = NO;
				DEBUG_INFORMATION_FORMAT = "dwarf-with-dsym";
				ENABLE_NS_ASSERTIONS = NO;
				ENABLE_STRICT_OBJC_MSGSEND = YES;
				GCC_C_LANGUAGE_STANDARD = gnu11;
				GCC_NO_COMMON_BLOCKS = YES;
				GCC_WARN_64_TO_32_BIT_CONVERSION = YES;
				GCC_WARN_ABOUT_RETURN_TYPE = YES_ERROR;
				GCC_WARN_UNDECLARED_SELECTOR = YES;
				GCC_WARN_UNINITIALIZED_AUTOS = YES_AGGRESSIVE;
				GCC_WARN_UNUSED_FUNCTION = YES;
				GCC_WARN_UNUSED_VARIABLE = YES;
				IPHONEOS_DEPLOYMENT_TARGET = 11.4;
				MTL_ENABLE_DEBUG_INFO = NO;
				SDKROOT = iphoneos;
				SWIFT_COMPILATION_MODE = wholemodule;
				SWIFT_OPTIMIZATION_LEVEL = "-O";
				VALIDATE_PRODUCT = YES;
			};
			name = Release;
		};
		075C6E1C21B61EFA0036DE22 /* Debug */ = {
			isa = XCBuildConfiguration;
			baseConfigurationReference = F9EC274B5B04C0132C97C551 /* Pods-LetsChat.debug.xcconfig */;
			buildSettings = {
				ASSETCATALOG_COMPILER_APPICON_NAME = AppIcon;
				CLANG_ENABLE_MODULES = YES;
				CODE_SIGN_STYLE = Automatic;
				DEVELOPMENT_TEAM = 7AG6G2N4Y4;
				INFOPLIST_FILE = LetsChat/Info.plist;
				LD_RUNPATH_SEARCH_PATHS = (
					"$(inherited)",
					"@executable_path/Frameworks",
				);
				PRODUCT_BUNDLE_IDENTIFIER = com.jumandap.LetsChat;
				PRODUCT_NAME = "$(TARGET_NAME)";
				SWIFT_OBJC_BRIDGING_HEADER = "LetsChat/Supporting Files/LetsChat-Bridging-Header.h";
				SWIFT_OPTIMIZATION_LEVEL = "-Onone";
				SWIFT_VERSION = 4.0;
				TARGETED_DEVICE_FAMILY = "1,2";
			};
			name = Debug;
		};
		075C6E1D21B61EFA0036DE22 /* Release */ = {
			isa = XCBuildConfiguration;
			baseConfigurationReference = 2DCE4ECDC6F82DC27CB735AB /* Pods-LetsChat.release.xcconfig */;
			buildSettings = {
				ASSETCATALOG_COMPILER_APPICON_NAME = AppIcon;
				CLANG_ENABLE_MODULES = YES;
				CODE_SIGN_STYLE = Automatic;
				DEVELOPMENT_TEAM = 7AG6G2N4Y4;
				INFOPLIST_FILE = LetsChat/Info.plist;
				LD_RUNPATH_SEARCH_PATHS = (
					"$(inherited)",
					"@executable_path/Frameworks",
				);
				PRODUCT_BUNDLE_IDENTIFIER = com.jumandap.LetsChat;
				PRODUCT_NAME = "$(TARGET_NAME)";
				SWIFT_OBJC_BRIDGING_HEADER = "LetsChat/Supporting Files/LetsChat-Bridging-Header.h";
				SWIFT_VERSION = 4.0;
				TARGETED_DEVICE_FAMILY = "1,2";
			};
			name = Release;
		};
/* End XCBuildConfiguration section */

/* Begin XCConfigurationList section */
		075C6E0421B61EF90036DE22 /* Build configuration list for PBXProject "LetsChat" */ = {
			isa = XCConfigurationList;
			buildConfigurations = (
				075C6E1921B61EFA0036DE22 /* Debug */,
				075C6E1A21B61EFA0036DE22 /* Release */,
			);
			defaultConfigurationIsVisible = 0;
			defaultConfigurationName = Release;
		};
		075C6E1B21B61EFA0036DE22 /* Build configuration list for PBXNativeTarget "LetsChat" */ = {
			isa = XCConfigurationList;
			buildConfigurations = (
				075C6E1C21B61EFA0036DE22 /* Debug */,
				075C6E1D21B61EFA0036DE22 /* Release */,
			);
			defaultConfigurationIsVisible = 0;
			defaultConfigurationName = Release;
		};
/* End XCConfigurationList section */
	};
	rootObject = 075C6E0121B61EF90036DE22 /* Project object */;
}
